
Microsoft Visual Studio Solution File, Format Version 12.00
# Visual Studio Version 17
VisualStudioVersion = 17.10.34916.146
MinimumVisualStudioVersion = 10.0.40219.1
Project("{FAE04EC0-301F-11D3-BF4B-00C04F79EFBC}") = "BlogUNAH.API", "BlogUNAH.API\BlogUNAH.API.csproj", "{4DA92BA8-03E9-4D1E-AF62-9D1F90C70ABC}"
EndProject
Global
	GlobalSection(SolutionConfigurationPlatforms) = preSolution
		Debug|Any CPU = Debug|Any CPU
		Release|Any CPU = Release|Any CPU
	EndGlobalSection
	GlobalSection(ProjectConfigurationPlatforms) = postSolution
		{4DA92BA8-03E9-4D1E-AF62-9D1F90C70ABC}.Debug|Any CPU.ActiveCfg = Debug|Any CPU
		{4DA92BA8-03E9-4D1E-AF62-9D1F90C70ABC}.Debug|Any CPU.Build.0 = Debug|Any CPU
		{4DA92BA8-03E9-4D1E-AF62-9D1F90C70ABC}.Release|Any CPU.ActiveCfg = Release|Any CPU
		{4DA92BA8-03E9-4D1E-AF62-9D1F90C70ABC}.Release|Any CPU.Build.0 = Release|Any CPU
	EndGlobalSection
	GlobalSection(SolutionProperties) = preSolution
		HideSolutionNode = FALSE
	EndGlobalSection
	GlobalSection(ExtensibilityGlobals) = postSolution
		SolutionGuid = {5FEFD8AC-986E-475D-B1F0-4E3C5241D645}
	EndGlobalSection
EndGlobal
